
Microsoft Visual Studio Solution File, Format Version 12.00
# Visual Studio 14
VisualStudioVersion = 14.0.25420.1
MinimumVisualStudioVersion = 10.0.40219.1
Project("{FAE04EC0-301F-11D3-BF4B-00C04F79EFBC}") = "ItemList.Api", "ItemList.Api\ItemList.Api.csproj", "{A035EF9D-D949-46DD-9EBC-DB19D5B0E0D1}"
EndProject
Project("{FAE04EC0-301F-11D3-BF4B-00C04F79EFBC}") = "ItemList.Api.Tests", "ItemList.Api.Tests\ItemList.Api.Tests.csproj", "{B653C822-B2D2-42C4-8BF3-4FE2AF2DDF21}"
EndProject
Global
	GlobalSection(SolutionConfigurationPlatforms) = preSolution
		Debug|Any CPU = Debug|Any CPU
		Release|Any CPU = Release|Any CPU
	EndGlobalSection
	GlobalSection(ProjectConfigurationPlatforms) = postSolution
		{A035EF9D-D949-46DD-9EBC-DB19D5B0E0D1}.Debug|Any CPU.ActiveCfg = Debug|Any CPU
		{A035EF9D-D949-46DD-9EBC-DB19D5B0E0D1}.Debug|Any CPU.Build.0 = Debug|Any CPU
		{A035EF9D-D949-46DD-9EBC-DB19D5B0E0D1}.Release|Any CPU.ActiveCfg = Release|Any CPU
		{A035EF9D-D949-46DD-9EBC-DB19D5B0E0D1}.Release|Any CPU.Build.0 = Release|Any CPU
		{B653C822-B2D2-42C4-8BF3-4FE2AF2DDF21}.Debug|Any CPU.ActiveCfg = Debug|Any CPU
		{B653C822-B2D2-42C4-8BF3-4FE2AF2DDF21}.Debug|Any CPU.Build.0 = Debug|Any CPU
		{B653C822-B2D2-42C4-8BF3-4FE2AF2DDF21}.Release|Any CPU.ActiveCfg = Release|Any CPU
		{B653C822-B2D2-42C4-8BF3-4FE2AF2DDF21}.Release|Any CPU.Build.0 = Release|Any CPU
	EndGlobalSection
	GlobalSection(SolutionProperties) = preSolution
		HideSolutionNode = FALSE
	EndGlobalSection
EndGlobal
